
Microsoft Visual Studio Solution File, Format Version 12.00
# Visual Studio Version 16
VisualStudioVersion = 16.0.31624.102
MinimumVisualStudioVersion = 10.0.40219.1
Project("{FAE04EC0-301F-11D3-BF4B-00C04F79EFBC}") = "ZetaClient", "ZetaClient\ZetaClient.csproj", "{A9E32AE5-78B7-41CF-BFA5-78DB477D4E7D}"
EndProject
Project("{54435603-DBB4-11D2-8724-00A0C9A8B90C}") = "InstallerWithCert", "InstallerWithCert\InstallerWithCert.vdproj", "{20923259-D001-4B5D-873D-85DEDE786BBA}"
EndProject
Global
	GlobalSection(SolutionConfigurationPlatforms) = preSolution
		Debug|Any CPU = Debug|Any CPU
		Debug|x86 = Debug|x86
		Release|Any CPU = Release|Any CPU
		Release|x86 = Release|x86
	EndGlobalSection
	GlobalSection(ProjectConfigurationPlatforms) = postSolution
		{A9E32AE5-78B7-41CF-BFA5-78DB477D4E7D}.Debug|Any CPU.ActiveCfg = Release|Any CPU
		{A9E32AE5-78B7-41CF-BFA5-78DB477D4E7D}.Debug|Any CPU.Build.0 = Release|Any CPU
		{A9E32AE5-78B7-41CF-BFA5-78DB477D4E7D}.Debug|x86.ActiveCfg = Debug|Any CPU
		{A9E32AE5-78B7-41CF-BFA5-78DB477D4E7D}.Debug|x86.Build.0 = Debug|Any CPU
		{A9E32AE5-78B7-41CF-BFA5-78DB477D4E7D}.Release|Any CPU.ActiveCfg = Release|Any CPU
		{A9E32AE5-78B7-41CF-BFA5-78DB477D4E7D}.Release|Any CPU.Build.0 = Release|Any CPU
		{A9E32AE5-78B7-41CF-BFA5-78DB477D4E7D}.Release|x86.ActiveCfg = Release|Any CPU
		{A9E32AE5-78B7-41CF-BFA5-78DB477D4E7D}.Release|x86.Build.0 = Release|Any CPU
		{20923259-D001-4B5D-873D-85DEDE786BBA}.Debug|Any CPU.ActiveCfg = Debug
		{20923259-D001-4B5D-873D-85DEDE786BBA}.Debug|x86.ActiveCfg = Debug
		{20923259-D001-4B5D-873D-85DEDE786BBA}.Release|Any CPU.ActiveCfg = Release
		{20923259-D001-4B5D-873D-85DEDE786BBA}.Release|Any CPU.Build.0 = Release
		{20923259-D001-4B5D-873D-85DEDE786BBA}.Release|x86.ActiveCfg = Release
	EndGlobalSection
	GlobalSection(SolutionProperties) = preSolution
		HideSolutionNode = FALSE
	EndGlobalSection
	GlobalSection(ExtensibilityGlobals) = postSolution
		SolutionGuid = {C193F215-D127-48AD-89E9-D64418D4629C}
	EndGlobalSection
EndGlobal
